
Microsoft Visual Studio Solution File, Format Version 12.00
# Visual Studio Version 16
VisualStudioVersion = 16.0.29326.143
MinimumVisualStudioVersion = 10.0.40219.1
Project("{9A19103F-16F7-4668-BE54-9A1E7A4F7556}") = "TaskManager", "TaskManager\TaskManager.csproj", "{60D9758B-F40C-4798-989E-81F0490A6957}"
EndProject
Project("{9A19103F-16F7-4668-BE54-9A1E7A4F7556}") = "TaskManager.Domain", "TaskManager.Domain\TaskManager.Domain.csproj", "{28AEB52E-CB73-45BC-BDC1-107649007E2D}"
EndProject
Project("{9A19103F-16F7-4668-BE54-9A1E7A4F7556}") = "TaskManager.DAL", "TaskManager.DAL\TaskManager.DAL.csproj", "{A6DD5A02-60FE-4220-9183-B6D3EB604316}"
EndProject
Global
	GlobalSection(SolutionConfigurationPlatforms) = preSolution
		Debug|Any CPU = Debug|Any CPU
		Release|Any CPU = Release|Any CPU
	EndGlobalSection
	GlobalSection(ProjectConfigurationPlatforms) = postSolution
		{60D9758B-F40C-4798-989E-81F0490A6957}.Debug|Any CPU.ActiveCfg = Debug|Any CPU
		{60D9758B-F40C-4798-989E-81F0490A6957}.Debug|Any CPU.Build.0 = Debug|Any CPU
		{60D9758B-F40C-4798-989E-81F0490A6957}.Release|Any CPU.ActiveCfg = Release|Any CPU
		{60D9758B-F40C-4798-989E-81F0490A6957}.Release|Any CPU.Build.0 = Release|Any CPU
		{28AEB52E-CB73-45BC-BDC1-107649007E2D}.Debug|Any CPU.ActiveCfg = Debug|Any CPU
		{28AEB52E-CB73-45BC-BDC1-107649007E2D}.Debug|Any CPU.Build.0 = Debug|Any CPU
		{28AEB52E-CB73-45BC-BDC1-107649007E2D}.Release|Any CPU.ActiveCfg = Release|Any CPU
		{28AEB52E-CB73-45BC-BDC1-107649007E2D}.Release|Any CPU.Build.0 = Release|Any CPU
		{A6DD5A02-60FE-4220-9183-B6D3EB604316}.Debug|Any CPU.ActiveCfg = Debug|Any CPU
		{A6DD5A02-60FE-4220-9183-B6D3EB604316}.Debug|Any CPU.Build.0 = Debug|Any CPU
		{A6DD5A02-60FE-4220-9183-B6D3EB604316}.Release|Any CPU.ActiveCfg = Release|Any CPU
		{A6DD5A02-60FE-4220-9183-B6D3EB604316}.Release|Any CPU.Build.0 = Release|Any CPU
	EndGlobalSection
	GlobalSection(SolutionProperties) = preSolution
		HideSolutionNode = FALSE
	EndGlobalSection
	GlobalSection(ExtensibilityGlobals) = postSolution
		SolutionGuid = {C218AB94-BA45-42F3-8EBB-C5C95663ECEE}
	EndGlobalSection
EndGlobal
